
Microsoft Visual Studio Solution File, Format Version 12.00
# Visual Studio 2012
Project("{FAE04EC0-301F-11D3-BF4B-00C04F79EFBC}") = "zbxSimpleLottery", "zbxSimpleLottery\zbxSimpleLottery.csproj", "{0C473592-3A43-4484-AE22-668499CB7DB9}"
EndProject
Project("{FAE04EC0-301F-11D3-BF4B-00C04F79EFBC}") = "Lottery", "Lottery\Lottery.csproj", "{DB8B08B2-44C8-4E24-97C6-32DCBEDACEF2}"
EndProject
Project("{FAE04EC0-301F-11D3-BF4B-00C04F79EFBC}") = "DBContact", "DBContact\DBContact.csproj", "{33A4DBD5-1037-4B10-83A2-F443843BEF54}"
EndProject
Global
	GlobalSection(SolutionConfigurationPlatforms) = preSolution
		Debug|Any CPU = Debug|Any CPU
		Release|Any CPU = Release|Any CPU
	EndGlobalSection
	GlobalSection(ProjectConfigurationPlatforms) = postSolution
		{0C473592-3A43-4484-AE22-668499CB7DB9}.Debug|Any CPU.ActiveCfg = Debug|Any CPU
		{0C473592-3A43-4484-AE22-668499CB7DB9}.Debug|Any CPU.Build.0 = Debug|Any CPU
		{0C473592-3A43-4484-AE22-668499CB7DB9}.Release|Any CPU.ActiveCfg = Release|Any CPU
		{0C473592-3A43-4484-AE22-668499CB7DB9}.Release|Any CPU.Build.0 = Release|Any CPU
		{DB8B08B2-44C8-4E24-97C6-32DCBEDACEF2}.Debug|Any CPU.ActiveCfg = Debug|Any CPU
		{DB8B08B2-44C8-4E24-97C6-32DCBEDACEF2}.Debug|Any CPU.Build.0 = Debug|Any CPU
		{DB8B08B2-44C8-4E24-97C6-32DCBEDACEF2}.Release|Any CPU.ActiveCfg = Release|Any CPU
		{DB8B08B2-44C8-4E24-97C6-32DCBEDACEF2}.Release|Any CPU.Build.0 = Release|Any CPU
		{33A4DBD5-1037-4B10-83A2-F443843BEF54}.Debug|Any CPU.ActiveCfg = Debug|Any CPU
		{33A4DBD5-1037-4B10-83A2-F443843BEF54}.Debug|Any CPU.Build.0 = Debug|Any CPU
		{33A4DBD5-1037-4B10-83A2-F443843BEF54}.Release|Any CPU.ActiveCfg = Release|Any CPU
		{33A4DBD5-1037-4B10-83A2-F443843BEF54}.Release|Any CPU.Build.0 = Release|Any CPU
	EndGlobalSection
	GlobalSection(SolutionProperties) = preSolution
		HideSolutionNode = FALSE
	EndGlobalSection
EndGlobal
